
Microsoft Visual Studio Solution File, Format Version 12.00
# Visual Studio Version 16
VisualStudioVersion = 16.0.29503.13
MinimumVisualStudioVersion = 10.0.40219.1
Project("{FAE04EC0-301F-11D3-BF4B-00C04F79EFBC}") = "WebApi", "WebApi\WebApi.csproj", "{7707668C-16EE-4595-9E83-31F426B88D2D}"
EndProject
Project("{FAE04EC0-301F-11D3-BF4B-00C04F79EFBC}") = "Domain", "Domain\Domain.csproj", "{97ABC03E-26CD-4D42-9A3E-77BEBF9C97D0}"
EndProject
Project("{FAE04EC0-301F-11D3-BF4B-00C04F79EFBC}") = "ProjectDb", "ProjectDb\ProjectDb.csproj", "{DCB38DEF-E53E-4748-BCF8-F28FDCEE2F45}"
EndProject
Global
	GlobalSection(SolutionConfigurationPlatforms) = preSolution
		Debug|Any CPU = Debug|Any CPU
		Release|Any CPU = Release|Any CPU
	EndGlobalSection
	GlobalSection(ProjectConfigurationPlatforms) = postSolution
		{7707668C-16EE-4595-9E83-31F426B88D2D}.Debug|Any CPU.ActiveCfg = Debug|Any CPU
		{7707668C-16EE-4595-9E83-31F426B88D2D}.Debug|Any CPU.Build.0 = Debug|Any CPU
		{7707668C-16EE-4595-9E83-31F426B88D2D}.Release|Any CPU.ActiveCfg = Release|Any CPU
		{7707668C-16EE-4595-9E83-31F426B88D2D}.Release|Any CPU.Build.0 = Release|Any CPU
		{97ABC03E-26CD-4D42-9A3E-77BEBF9C97D0}.Debug|Any CPU.ActiveCfg = Debug|Any CPU
		{97ABC03E-26CD-4D42-9A3E-77BEBF9C97D0}.Debug|Any CPU.Build.0 = Debug|Any CPU
		{97ABC03E-26CD-4D42-9A3E-77BEBF9C97D0}.Release|Any CPU.ActiveCfg = Release|Any CPU
		{97ABC03E-26CD-4D42-9A3E-77BEBF9C97D0}.Release|Any CPU.Build.0 = Release|Any CPU
		{DCB38DEF-E53E-4748-BCF8-F28FDCEE2F45}.Debug|Any CPU.ActiveCfg = Debug|Any CPU
		{DCB38DEF-E53E-4748-BCF8-F28FDCEE2F45}.Debug|Any CPU.Build.0 = Debug|Any CPU
		{DCB38DEF-E53E-4748-BCF8-F28FDCEE2F45}.Release|Any CPU.ActiveCfg = Release|Any CPU
		{DCB38DEF-E53E-4748-BCF8-F28FDCEE2F45}.Release|Any CPU.Build.0 = Release|Any CPU
	EndGlobalSection
	GlobalSection(SolutionProperties) = preSolution
		HideSolutionNode = FALSE
	EndGlobalSection
	GlobalSection(ExtensibilityGlobals) = postSolution
		SolutionGuid = {89D80721-9C13-4F7D-B61E-AF3274417929}
	EndGlobalSection
EndGlobal
